
Microsoft Visual Studio Solution File, Format Version 12.00
# Visual Studio 15
VisualStudioVersion = 15.0.27130.2020
MinimumVisualStudioVersion = 10.0.40219.1
Project("{9A19103F-16F7-4668-BE54-9A1E7A4F7556}") = "CryptoManager", "CryptoManager\CryptoManager.csproj", "{D521D1D9-B0C5-49A6-A5AB-53D72AE70AAE}"
EndProject
Project("{9A19103F-16F7-4668-BE54-9A1E7A4F7556}") = "Model", "Model\Model.csproj", "{E84143CF-0270-4DB1-B023-225C93D1B1EB}"
EndProject
Project("{9A19103F-16F7-4668-BE54-9A1E7A4F7556}") = "Plugins", "Plugins\Plugins.csproj", "{BC39C1A1-4901-44AF-909B-A3C8ED9A5B6D}"
EndProject
Project("{9A19103F-16F7-4668-BE54-9A1E7A4F7556}") = "BackgroundServices", "BackgroundServices\BackgroundServices.csproj", "{FAC311F7-47DD-45F3-979E-77C376B01413}"
EndProject
Project("{2150E333-8FDC-42A3-9474-1A3956D46DE8}") = "Solution Items", "Solution Items", "{6D90F1D4-7DAB-454E-9CF6-4351731AD192}"
	ProjectSection(SolutionItems) = preProject
		.gitattributes = .gitattributes
		.gitignore = .gitignore
		appveyor.yml = appveyor.yml
		docs\RunScripts\RunOSX = docs\RunScripts\RunOSX
		docs\RunScripts\RunWindows.bat = docs\RunScripts\RunWindows.bat
	EndProjectSection
EndProject
Project("{FAE04EC0-301F-11D3-BF4B-00C04F79EFBC}") = "TestApp", "TestApp\TestApp.csproj", "{10176AEE-A460-437C-827E-5915C3CC5CD5}"
EndProject
Global
	GlobalSection(SolutionConfigurationPlatforms) = preSolution
		Debug|Any CPU = Debug|Any CPU
		Release|Any CPU = Release|Any CPU
	EndGlobalSection
	GlobalSection(ProjectConfigurationPlatforms) = postSolution
		{D521D1D9-B0C5-49A6-A5AB-53D72AE70AAE}.Debug|Any CPU.ActiveCfg = Debug|Any CPU
		{D521D1D9-B0C5-49A6-A5AB-53D72AE70AAE}.Debug|Any CPU.Build.0 = Debug|Any CPU
		{D521D1D9-B0C5-49A6-A5AB-53D72AE70AAE}.Release|Any CPU.ActiveCfg = Release|Any CPU
		{D521D1D9-B0C5-49A6-A5AB-53D72AE70AAE}.Release|Any CPU.Build.0 = Release|Any CPU
		{E84143CF-0270-4DB1-B023-225C93D1B1EB}.Debug|Any CPU.ActiveCfg = Debug|Any CPU
		{E84143CF-0270-4DB1-B023-225C93D1B1EB}.Debug|Any CPU.Build.0 = Debug|Any CPU
		{E84143CF-0270-4DB1-B023-225C93D1B1EB}.Release|Any CPU.ActiveCfg = Release|Any CPU
		{E84143CF-0270-4DB1-B023-225C93D1B1EB}.Release|Any CPU.Build.0 = Release|Any CPU
		{BC39C1A1-4901-44AF-909B-A3C8ED9A5B6D}.Debug|Any CPU.ActiveCfg = Debug|Any CPU
		{BC39C1A1-4901-44AF-909B-A3C8ED9A5B6D}.Debug|Any CPU.Build.0 = Debug|Any CPU
		{BC39C1A1-4901-44AF-909B-A3C8ED9A5B6D}.Release|Any CPU.ActiveCfg = Release|Any CPU
		{BC39C1A1-4901-44AF-909B-A3C8ED9A5B6D}.Release|Any CPU.Build.0 = Release|Any CPU
		{FAC311F7-47DD-45F3-979E-77C376B01413}.Debug|Any CPU.ActiveCfg = Debug|Any CPU
		{FAC311F7-47DD-45F3-979E-77C376B01413}.Debug|Any CPU.Build.0 = Debug|Any CPU
		{FAC311F7-47DD-45F3-979E-77C376B01413}.Release|Any CPU.ActiveCfg = Release|Any CPU
		{FAC311F7-47DD-45F3-979E-77C376B01413}.Release|Any CPU.Build.0 = Release|Any CPU
		{10176AEE-A460-437C-827E-5915C3CC5CD5}.Debug|Any CPU.ActiveCfg = Debug|Any CPU
		{10176AEE-A460-437C-827E-5915C3CC5CD5}.Debug|Any CPU.Build.0 = Debug|Any CPU
		{10176AEE-A460-437C-827E-5915C3CC5CD5}.Release|Any CPU.ActiveCfg = Release|Any CPU
		{10176AEE-A460-437C-827E-5915C3CC5CD5}.Release|Any CPU.Build.0 = Release|Any CPU
	EndGlobalSection
	GlobalSection(SolutionProperties) = preSolution
		HideSolutionNode = FALSE
	EndGlobalSection
	GlobalSection(ExtensibilityGlobals) = postSolution
		SolutionGuid = {F4C5D2E0-B557-4726-8C99-8934654E10F8}
	EndGlobalSection
EndGlobal
