
Microsoft Visual Studio Solution File, Format Version 12.00
# Visual Studio 15
VisualStudioVersion = 15.0.27130.2003
MinimumVisualStudioVersion = 10.0.40219.1
Project("{FAE04EC0-301F-11D3-BF4B-00C04F79EFBC}") = "CryptoManager", "CryptoManager\CryptoManager.csproj", "{D521D1D9-B0C5-49A6-A5AB-53D72AE70AAE}"
EndProject
Global
	GlobalSection(SolutionConfigurationPlatforms) = preSolution
		Debug|Any CPU = Debug|Any CPU
		Release|Any CPU = Release|Any CPU
	EndGlobalSection
	GlobalSection(ProjectConfigurationPlatforms) = postSolution
		{D521D1D9-B0C5-49A6-A5AB-53D72AE70AAE}.Debug|Any CPU.ActiveCfg = Debug|Any CPU
		{D521D1D9-B0C5-49A6-A5AB-53D72AE70AAE}.Debug|Any CPU.Build.0 = Debug|Any CPU
		{D521D1D9-B0C5-49A6-A5AB-53D72AE70AAE}.Release|Any CPU.ActiveCfg = Release|Any CPU
		{D521D1D9-B0C5-49A6-A5AB-53D72AE70AAE}.Release|Any CPU.Build.0 = Release|Any CPU
	EndGlobalSection
	GlobalSection(SolutionProperties) = preSolution
		HideSolutionNode = FALSE
	EndGlobalSection
	GlobalSection(ExtensibilityGlobals) = postSolution
		SolutionGuid = {F4C5D2E0-B557-4726-8C99-8934654E10F8}
	EndGlobalSection
EndGlobal
